
Microsoft Visual Studio Solution File, Format Version 12.00
# Visual Studio Version 17
VisualStudioVersion = 17.0.32112.339
MinimumVisualStudioVersion = 10.0.40219.1
Project("{2150E333-8FDC-42A3-9474-1A3956D46DE8}") = "99. Solution Items", "99. Solution Items", "{77852DF5-2589-40D9-8F1D-8E406C291FAF}"
	ProjectSection(SolutionItems) = preProject
		.gitignore = .gitignore
		Dockerfile = Dockerfile
		NuGet.config = NuGet.config
		README.md = README.md
	EndProjectSection
EndProject
Project("{9A19103F-16F7-4668-BE54-9A1E7A4F7556}") = "PackageTracker.Fetcher", "Infrastructure\PackageTracker.Fetcher\PackageTracker.Fetcher.csproj", "{3F299E8D-3CCD-4CD9-A263-7CC8CCEB30B2}"
EndProject
Project("{9A19103F-16F7-4668-BE54-9A1E7A4F7556}") = "PackageTracker.Domain", "Application\PackageTracker.Domain\PackageTracker.Domain.csproj", "{FB4C6D48-86A1-4EB5-ACBF-A949594CDF7C}"
EndProject
Project("{9A19103F-16F7-4668-BE54-9A1E7A4F7556}") = "PackageTracker.Infrastructure", "Infrastructure\PackageTracker.Infrastructure\PackageTracker.Infrastructure.csproj", "{69E0FC05-E82F-4469-91F9-57783D98B358}"
EndProject
Project("{9A19103F-16F7-4668-BE54-9A1E7A4F7556}") = "PackageTracker.Handlers", "Application\PackageTracker.Handlers\PackageTracker.Handlers.csproj", "{84289BBD-0FF3-4FC7-B03B-DD925F12FF72}"
EndProject
Project("{2150E333-8FDC-42A3-9474-1A3956D46DE8}") = "1. Host", "1. Host", "{B2AA9C98-AE71-4301-8297-34BF4DCBD56A}"
EndProject
Project("{2150E333-8FDC-42A3-9474-1A3956D46DE8}") = "2. Application", "2. Application", "{B5B90090-9717-40C9-8C1F-56973B6E4E38}"
EndProject
Project("{9A19103F-16F7-4668-BE54-9A1E7A4F7556}") = "PackageTracker.WebHost", "Host\PackageTracker.Host\PackageTracker.WebHost.csproj", "{89697AB5-A49E-4AE6-829D-6519176A66F7}"
EndProject
Project("{9A19103F-16F7-4668-BE54-9A1E7A4F7556}") = "PackageTracker.Cache", "Infrastructure\PackageTracker.Cache\PackageTracker.Cache.csproj", "{78FE92D9-A839-44FA-9FC4-824C8A6CA237}"
EndProject
Project("{9A19103F-16F7-4668-BE54-9A1E7A4F7556}") = "PackageTracker.Messages", "Application\PackageTracker.Messages\PackageTracker.Messages.csproj", "{ED6D89E0-7C83-4FA5-9BED-F7E3D34E1C1F}"
EndProject
Project("{2150E333-8FDC-42A3-9474-1A3956D46DE8}") = "3. Infrastructure", "3. Infrastructure", "{022A92FA-820B-4CF0-81F1-A092667B48E4}"
EndProject
Project("{FAE04EC0-301F-11D3-BF4B-00C04F79EFBC}") = "PackageTracker.Telegram", "Infrastructure\PackageTracker.Telegram\PackageTracker.Telegram.csproj", "{BD046DE1-56FC-4F82-B27E-E87AAE49D48B}"
EndProject
Global
	GlobalSection(SolutionConfigurationPlatforms) = preSolution
		Debug|Any CPU = Debug|Any CPU
		Release|Any CPU = Release|Any CPU
	EndGlobalSection
	GlobalSection(ProjectConfigurationPlatforms) = postSolution
		{3F299E8D-3CCD-4CD9-A263-7CC8CCEB30B2}.Debug|Any CPU.ActiveCfg = Debug|Any CPU
		{3F299E8D-3CCD-4CD9-A263-7CC8CCEB30B2}.Debug|Any CPU.Build.0 = Debug|Any CPU
		{3F299E8D-3CCD-4CD9-A263-7CC8CCEB30B2}.Release|Any CPU.ActiveCfg = Release|Any CPU
		{3F299E8D-3CCD-4CD9-A263-7CC8CCEB30B2}.Release|Any CPU.Build.0 = Release|Any CPU
		{FB4C6D48-86A1-4EB5-ACBF-A949594CDF7C}.Debug|Any CPU.ActiveCfg = Debug|Any CPU
		{FB4C6D48-86A1-4EB5-ACBF-A949594CDF7C}.Debug|Any CPU.Build.0 = Debug|Any CPU
		{FB4C6D48-86A1-4EB5-ACBF-A949594CDF7C}.Release|Any CPU.ActiveCfg = Release|Any CPU
		{FB4C6D48-86A1-4EB5-ACBF-A949594CDF7C}.Release|Any CPU.Build.0 = Release|Any CPU
		{69E0FC05-E82F-4469-91F9-57783D98B358}.Debug|Any CPU.ActiveCfg = Debug|Any CPU
		{69E0FC05-E82F-4469-91F9-57783D98B358}.Debug|Any CPU.Build.0 = Debug|Any CPU
		{69E0FC05-E82F-4469-91F9-57783D98B358}.Release|Any CPU.ActiveCfg = Release|Any CPU
		{69E0FC05-E82F-4469-91F9-57783D98B358}.Release|Any CPU.Build.0 = Release|Any CPU
		{84289BBD-0FF3-4FC7-B03B-DD925F12FF72}.Debug|Any CPU.ActiveCfg = Debug|Any CPU
		{84289BBD-0FF3-4FC7-B03B-DD925F12FF72}.Debug|Any CPU.Build.0 = Debug|Any CPU
		{84289BBD-0FF3-4FC7-B03B-DD925F12FF72}.Release|Any CPU.ActiveCfg = Release|Any CPU
		{84289BBD-0FF3-4FC7-B03B-DD925F12FF72}.Release|Any CPU.Build.0 = Release|Any CPU
		{89697AB5-A49E-4AE6-829D-6519176A66F7}.Debug|Any CPU.ActiveCfg = Debug|Any CPU
		{89697AB5-A49E-4AE6-829D-6519176A66F7}.Debug|Any CPU.Build.0 = Debug|Any CPU
		{89697AB5-A49E-4AE6-829D-6519176A66F7}.Release|Any CPU.ActiveCfg = Release|Any CPU
		{89697AB5-A49E-4AE6-829D-6519176A66F7}.Release|Any CPU.Build.0 = Release|Any CPU
		{78FE92D9-A839-44FA-9FC4-824C8A6CA237}.Debug|Any CPU.ActiveCfg = Debug|Any CPU
		{78FE92D9-A839-44FA-9FC4-824C8A6CA237}.Debug|Any CPU.Build.0 = Debug|Any CPU
		{78FE92D9-A839-44FA-9FC4-824C8A6CA237}.Release|Any CPU.ActiveCfg = Release|Any CPU
		{78FE92D9-A839-44FA-9FC4-824C8A6CA237}.Release|Any CPU.Build.0 = Release|Any CPU
		{ED6D89E0-7C83-4FA5-9BED-F7E3D34E1C1F}.Debug|Any CPU.ActiveCfg = Debug|Any CPU
		{ED6D89E0-7C83-4FA5-9BED-F7E3D34E1C1F}.Debug|Any CPU.Build.0 = Debug|Any CPU
		{ED6D89E0-7C83-4FA5-9BED-F7E3D34E1C1F}.Release|Any CPU.ActiveCfg = Release|Any CPU
		{ED6D89E0-7C83-4FA5-9BED-F7E3D34E1C1F}.Release|Any CPU.Build.0 = Release|Any CPU
		{BD046DE1-56FC-4F82-B27E-E87AAE49D48B}.Debug|Any CPU.ActiveCfg = Debug|Any CPU
		{BD046DE1-56FC-4F82-B27E-E87AAE49D48B}.Debug|Any CPU.Build.0 = Debug|Any CPU
		{BD046DE1-56FC-4F82-B27E-E87AAE49D48B}.Release|Any CPU.ActiveCfg = Release|Any CPU
		{BD046DE1-56FC-4F82-B27E-E87AAE49D48B}.Release|Any CPU.Build.0 = Release|Any CPU
	EndGlobalSection
	GlobalSection(SolutionProperties) = preSolution
		HideSolutionNode = FALSE
	EndGlobalSection
	GlobalSection(NestedProjects) = preSolution
		{3F299E8D-3CCD-4CD9-A263-7CC8CCEB30B2} = {022A92FA-820B-4CF0-81F1-A092667B48E4}
		{FB4C6D48-86A1-4EB5-ACBF-A949594CDF7C} = {B5B90090-9717-40C9-8C1F-56973B6E4E38}
		{69E0FC05-E82F-4469-91F9-57783D98B358} = {022A92FA-820B-4CF0-81F1-A092667B48E4}
		{84289BBD-0FF3-4FC7-B03B-DD925F12FF72} = {B5B90090-9717-40C9-8C1F-56973B6E4E38}
		{89697AB5-A49E-4AE6-829D-6519176A66F7} = {B2AA9C98-AE71-4301-8297-34BF4DCBD56A}
		{78FE92D9-A839-44FA-9FC4-824C8A6CA237} = {022A92FA-820B-4CF0-81F1-A092667B48E4}
		{ED6D89E0-7C83-4FA5-9BED-F7E3D34E1C1F} = {B5B90090-9717-40C9-8C1F-56973B6E4E38}
		{BD046DE1-56FC-4F82-B27E-E87AAE49D48B} = {022A92FA-820B-4CF0-81F1-A092667B48E4}
	EndGlobalSection
	GlobalSection(ExtensibilityGlobals) = postSolution
		SolutionGuid = {88515F1C-4F05-443B-A5A5-6F0DED2BF9AB}
	EndGlobalSection
EndGlobal
