
Microsoft Visual Studio Solution File, Format Version 12.00
# Visual Studio Version 17
VisualStudioVersion = 17.0.32112.339
MinimumVisualStudioVersion = 10.0.40219.1
Project("{2150E333-8FDC-42A3-9474-1A3956D46DE8}") = "99. Solution Items", "99. Solution Items", "{77852DF5-2589-40D9-8F1D-8E406C291FAF}"
	ProjectSection(SolutionItems) = preProject
		.gitignore = .gitignore
		NuGet.config = NuGet.config
		README.md = README.md
	EndProjectSection
EndProject
Project("{9A19103F-16F7-4668-BE54-9A1E7A4F7556}") = "Fetcher", "Infrastructure\PackageTracker.Fetcher\Fetcher.csproj", "{3F299E8D-3CCD-4CD9-A263-7CC8CCEB30B2}"
EndProject
Project("{9A19103F-16F7-4668-BE54-9A1E7A4F7556}") = "Domain", "Application\PackageTracker.Domain\Domain.csproj", "{FB4C6D48-86A1-4EB5-ACBF-A949594CDF7C}"
EndProject
Project("{9A19103F-16F7-4668-BE54-9A1E7A4F7556}") = "Infrastructure", "Infrastructure\PackageTracker.Infrastructure\Infrastructure.csproj", "{69E0FC05-E82F-4469-91F9-57783D98B358}"
EndProject
Project("{9A19103F-16F7-4668-BE54-9A1E7A4F7556}") = "Handlers", "Application\PackageTracker.Handlers\Handlers.csproj", "{84289BBD-0FF3-4FC7-B03B-DD925F12FF72}"
EndProject
Project("{2150E333-8FDC-42A3-9474-1A3956D46DE8}") = "0. Host", "0. Host", "{B2AA9C98-AE71-4301-8297-34BF4DCBD56A}"
EndProject
Project("{2150E333-8FDC-42A3-9474-1A3956D46DE8}") = "2. Application", "2. Application", "{B5B90090-9717-40C9-8C1F-56973B6E4E38}"
EndProject
Project("{9A19103F-16F7-4668-BE54-9A1E7A4F7556}") = "Messages", "Application\PackageTracker.Messages\Messages.csproj", "{ED6D89E0-7C83-4FA5-9BED-F7E3D34E1C1F}"
EndProject
Project("{2150E333-8FDC-42A3-9474-1A3956D46DE8}") = "3. Infrastructure", "3. Infrastructure", "{022A92FA-820B-4CF0-81F1-A092667B48E4}"
EndProject
Project("{2150E333-8FDC-42A3-9474-1A3956D46DE8}") = "Fetchers", "Fetchers", "{AA7DDE01-8115-4ADE-9929-30A4380F5D75}"
EndProject
Project("{9A19103F-16F7-4668-BE54-9A1E7A4F7556}") = "PublicRegistries", "Infrastructure\PackageTracker.Fetcher.PublicRegistries\PublicRegistries.csproj", "{48B5834E-B4CA-4B2C-A0E2-F4866DC85196}"
EndProject
Project("{9A19103F-16F7-4668-BE54-9A1E7A4F7556}") = "Scanner", "Infrastructure\PackageTracker.Scanner\Scanner.csproj", "{1E3A2886-595C-4452-B22D-D3BDE1AA56D7}"
EndProject
Project("{2150E333-8FDC-42A3-9474-1A3956D46DE8}") = "Scanners", "Scanners", "{A3FDB388-D6A6-4B2B-98D8-82177EF5E163}"
EndProject
Project("{9A19103F-16F7-4668-BE54-9A1E7A4F7556}") = "Gitlab", "Infrastructure\PackageTracker.Scanner.Gitlab\Gitlab.csproj", "{6CC6D05A-2A96-44D3-9271-DFBEC63D19CB}"
EndProject
Project("{9A19103F-16F7-4668-BE54-9A1E7A4F7556}") = "ApplicationModuleParsers", "Application\PackageTracker.ApplicationModuleParsers\ApplicationModuleParsers.csproj", "{18A71585-63E6-4970-83D2-854E11861180}"
EndProject
Project("{2150E333-8FDC-42A3-9474-1A3956D46DE8}") = "Database", "Database", "{E0EDD194-1949-4936-BA97-075826BD9B9E}"
EndProject
Project("{9A19103F-16F7-4668-BE54-9A1E7A4F7556}") = "EntityFramework", "Infrastructure\PackageTracker.Database.EntityFramework\EntityFramework.csproj", "{118A819C-AA41-4EB5-82A3-450F166531AB}"
EndProject
Project("{9A19103F-16F7-4668-BE54-9A1E7A4F7556}") = "AzureDevOps", "Infrastructure\PackageTracker.Scanner.AzureDevOps\AzureDevOps.csproj", "{132C9C40-77A3-4E8C-8450-E3E51DA8EA45}"
EndProject
Project("{2150E333-8FDC-42A3-9474-1A3956D46DE8}") = "Monitor", "Monitor", "{2F8B0843-908F-4B38-BFC7-7D08641B0FE8}"
EndProject
Project("{9A19103F-16F7-4668-BE54-9A1E7A4F7556}") = "Monitor", "Infrastructure\PackageTracker.Monitor\Monitor.csproj", "{A935C232-B5C9-4F4D-A2EB-5189CFBF71E7}"
EndProject
Project("{9A19103F-16F7-4668-BE54-9A1E7A4F7556}") = "GitHub", "Infrastructure\PackageTracker.Monitor.GitHub\GitHub.csproj", "{708AD1CB-8DFD-4D22-A960-CD6257107442}"
EndProject
Project("{9A19103F-16F7-4668-BE54-9A1E7A4F7556}") = "EndOfLife", "Infrastructure\PackageTracker.Monitor.EndOfLife\EndOfLife.csproj", "{31441300-A159-4955-83A6-2B5666A16D19}"
EndProject
Project("{2150E333-8FDC-42A3-9474-1A3956D46DE8}") = "Export", "Export", "{A19CBFEC-675F-496E-AD8E-CED4FF53239C}"
EndProject
Project("{9A19103F-16F7-4668-BE54-9A1E7A4F7556}") = "Confluence", "Infrastructure\PackageTracker.Export.Confluence\Confluence.csproj", "{5E6CA9BB-000A-4B51-B8A4-2794B8E197A7}"
EndProject
Project("{9A19103F-16F7-4668-BE54-9A1E7A4F7556}") = "WebApi", "Presentation\PackageTracker.Presentation.WebApi\WebApi.csproj", "{C10B52AE-3A65-4CB8-9C35-91428F6263F4}"
EndProject
Project("{2150E333-8FDC-42A3-9474-1A3956D46DE8}") = "1. Presentation", "1. Presentation", "{FBC0DE73-D2EB-4020-9734-D18B2FD7A9A5}"
EndProject
Project("{9A19103F-16F7-4668-BE54-9A1E7A4F7556}") = "MVCApp", "Presentation\PackageTracker.Presentation.MVCApp\MVCApp.csproj", "{C9307A2B-AD4D-4A3E-A63A-62E5208B091F}"
EndProject
Project("{9A19103F-16F7-4668-BE54-9A1E7A4F7556}") = "Host", "Host\Host.csproj", "{0D98D1DB-C60B-4F51-B6F5-C1E10A682004}"
EndProject
Project("{9A19103F-16F7-4668-BE54-9A1E7A4F7556}") = "GitHub", "Infrastructure\PackageTracker.Scanner.GitHub\GitHub.csproj", "{1975885E-CACE-4C4B-8BCA-E5689BF163FA}"
EndProject
Project("{9A19103F-16F7-4668-BE54-9A1E7A4F7556}") = "MongoDb", "Infrastructure\PackageTracker.Database.MongoDb\MongoDb.csproj", "{ECA64174-78FC-46A6-98D2-E390AECEA165}"
EndProject
Project("{9A19103F-16F7-4668-BE54-9A1E7A4F7556}") = "MemoryCache", "Infrastructure\PackageTracker.Database.MemoryCache\MemoryCache.csproj", "{4A2D2EF2-832F-46AB-8CE2-53123B18E8D3}"
EndProject
Project("{9A19103F-16F7-4668-BE54-9A1E7A4F7556}") = "ExceptionHandlers", "Presentation\PackageTracker.Presentation.ExceptionHandlers\ExceptionHandlers.csproj", "{D01A293B-A65C-4873-894E-BB966E1B2131}"
EndProject
Project("{2150E333-8FDC-42A3-9474-1A3956D46DE8}") = "Providers", "Providers", "{5621B72F-76D2-42E8-9C21-201A06D6C46E}"
EndProject
Project("{2150E333-8FDC-42A3-9474-1A3956D46DE8}") = "Providers", "Providers", "{0EFBF47C-059B-4244-B753-8DC57F30F559}"
EndProject
Project("{2150E333-8FDC-42A3-9474-1A3956D46DE8}") = "Providers", "Providers", "{43F2E400-A454-4715-808A-4D081BD27ABB}"
EndProject
Project("{2150E333-8FDC-42A3-9474-1A3956D46DE8}") = "ChatBot", "ChatBot", "{1A56B625-7729-416B-ABBE-F634A1689FEF}"
EndProject
Project("{9A19103F-16F7-4668-BE54-9A1E7A4F7556}") = "ChatBot", "Infrastructure\PackageTracker.ChatBot\ChatBot.csproj", "{32A3A682-3795-4CBC-AB91-0E4DB707D73D}"
EndProject
Project("{2150E333-8FDC-42A3-9474-1A3956D46DE8}") = "Discord", "Discord", "{FB1BCE04-BFB8-4917-8551-CA8CCDEF53E7}"
EndProject
Project("{9A19103F-16F7-4668-BE54-9A1E7A4F7556}") = "Discord", "Infrastructure\PackageTracker.ChatBot.Discord\Discord.csproj", "{40FAF172-E750-4935-A78E-25770672AD53}"
EndProject
Project("{9A19103F-16F7-4668-BE54-9A1E7A4F7556}") = "Notifications", "Infrastructure\PackageTracker.ChatBot.Notifications\Notifications.csproj", "{5070D09C-D581-46A4-BABB-8A25B540897B}"
EndProject
Project("{2150E333-8FDC-42A3-9474-1A3956D46DE8}") = "Telegram", "Telegram", "{44CB802C-F850-44B2-BF59-8A4B9D784A8C}"
EndProject
Project("{9A19103F-16F7-4668-BE54-9A1E7A4F7556}") = "Telegram", "Infrastructure\PackageTracker.ChatBot.Telegram\Telegram.csproj", "{476075DF-60C7-4E8B-B881-6FEA10029E59}"
EndProject
Project("{FAE04EC0-301F-11D3-BF4B-00C04F79EFBC}") = "Common", "Infrastructure\PackageTracker.Database.Common\Common.csproj", "{513228AC-DB71-4369-AB5B-1F593740F73C}"
EndProject
Project("{FAE04EC0-301F-11D3-BF4B-00C04F79EFBC}") = "SharedKernel", "Application\PackageTracker.SharedKernel\SharedKernel.csproj", "{AE459964-3F3A-467C-B81E-07AF3A350D19}"
EndProject
Global
	GlobalSection(SolutionConfigurationPlatforms) = preSolution
		Debug|Any CPU = Debug|Any CPU
		Release|Any CPU = Release|Any CPU
	EndGlobalSection
	GlobalSection(ProjectConfigurationPlatforms) = postSolution
		{3F299E8D-3CCD-4CD9-A263-7CC8CCEB30B2}.Debug|Any CPU.ActiveCfg = Debug|Any CPU
		{3F299E8D-3CCD-4CD9-A263-7CC8CCEB30B2}.Debug|Any CPU.Build.0 = Debug|Any CPU
		{3F299E8D-3CCD-4CD9-A263-7CC8CCEB30B2}.Release|Any CPU.ActiveCfg = Release|Any CPU
		{3F299E8D-3CCD-4CD9-A263-7CC8CCEB30B2}.Release|Any CPU.Build.0 = Release|Any CPU
		{FB4C6D48-86A1-4EB5-ACBF-A949594CDF7C}.Debug|Any CPU.ActiveCfg = Debug|Any CPU
		{FB4C6D48-86A1-4EB5-ACBF-A949594CDF7C}.Debug|Any CPU.Build.0 = Debug|Any CPU
		{FB4C6D48-86A1-4EB5-ACBF-A949594CDF7C}.Release|Any CPU.ActiveCfg = Release|Any CPU
		{FB4C6D48-86A1-4EB5-ACBF-A949594CDF7C}.Release|Any CPU.Build.0 = Release|Any CPU
		{69E0FC05-E82F-4469-91F9-57783D98B358}.Debug|Any CPU.ActiveCfg = Debug|Any CPU
		{69E0FC05-E82F-4469-91F9-57783D98B358}.Debug|Any CPU.Build.0 = Debug|Any CPU
		{69E0FC05-E82F-4469-91F9-57783D98B358}.Release|Any CPU.ActiveCfg = Release|Any CPU
		{69E0FC05-E82F-4469-91F9-57783D98B358}.Release|Any CPU.Build.0 = Release|Any CPU
		{84289BBD-0FF3-4FC7-B03B-DD925F12FF72}.Debug|Any CPU.ActiveCfg = Debug|Any CPU
		{84289BBD-0FF3-4FC7-B03B-DD925F12FF72}.Debug|Any CPU.Build.0 = Debug|Any CPU
		{84289BBD-0FF3-4FC7-B03B-DD925F12FF72}.Release|Any CPU.ActiveCfg = Release|Any CPU
		{84289BBD-0FF3-4FC7-B03B-DD925F12FF72}.Release|Any CPU.Build.0 = Release|Any CPU
		{ED6D89E0-7C83-4FA5-9BED-F7E3D34E1C1F}.Debug|Any CPU.ActiveCfg = Debug|Any CPU
		{ED6D89E0-7C83-4FA5-9BED-F7E3D34E1C1F}.Debug|Any CPU.Build.0 = Debug|Any CPU
		{ED6D89E0-7C83-4FA5-9BED-F7E3D34E1C1F}.Release|Any CPU.ActiveCfg = Release|Any CPU
		{ED6D89E0-7C83-4FA5-9BED-F7E3D34E1C1F}.Release|Any CPU.Build.0 = Release|Any CPU
		{48B5834E-B4CA-4B2C-A0E2-F4866DC85196}.Debug|Any CPU.ActiveCfg = Debug|Any CPU
		{48B5834E-B4CA-4B2C-A0E2-F4866DC85196}.Debug|Any CPU.Build.0 = Debug|Any CPU
		{48B5834E-B4CA-4B2C-A0E2-F4866DC85196}.Release|Any CPU.ActiveCfg = Release|Any CPU
		{48B5834E-B4CA-4B2C-A0E2-F4866DC85196}.Release|Any CPU.Build.0 = Release|Any CPU
		{1E3A2886-595C-4452-B22D-D3BDE1AA56D7}.Debug|Any CPU.ActiveCfg = Debug|Any CPU
		{1E3A2886-595C-4452-B22D-D3BDE1AA56D7}.Debug|Any CPU.Build.0 = Debug|Any CPU
		{1E3A2886-595C-4452-B22D-D3BDE1AA56D7}.Release|Any CPU.ActiveCfg = Release|Any CPU
		{1E3A2886-595C-4452-B22D-D3BDE1AA56D7}.Release|Any CPU.Build.0 = Release|Any CPU
		{6CC6D05A-2A96-44D3-9271-DFBEC63D19CB}.Debug|Any CPU.ActiveCfg = Debug|Any CPU
		{6CC6D05A-2A96-44D3-9271-DFBEC63D19CB}.Debug|Any CPU.Build.0 = Debug|Any CPU
		{6CC6D05A-2A96-44D3-9271-DFBEC63D19CB}.Release|Any CPU.ActiveCfg = Release|Any CPU
		{6CC6D05A-2A96-44D3-9271-DFBEC63D19CB}.Release|Any CPU.Build.0 = Release|Any CPU
		{18A71585-63E6-4970-83D2-854E11861180}.Debug|Any CPU.ActiveCfg = Debug|Any CPU
		{18A71585-63E6-4970-83D2-854E11861180}.Debug|Any CPU.Build.0 = Debug|Any CPU
		{18A71585-63E6-4970-83D2-854E11861180}.Release|Any CPU.ActiveCfg = Release|Any CPU
		{18A71585-63E6-4970-83D2-854E11861180}.Release|Any CPU.Build.0 = Release|Any CPU
		{118A819C-AA41-4EB5-82A3-450F166531AB}.Debug|Any CPU.ActiveCfg = Debug|Any CPU
		{118A819C-AA41-4EB5-82A3-450F166531AB}.Debug|Any CPU.Build.0 = Debug|Any CPU
		{118A819C-AA41-4EB5-82A3-450F166531AB}.Release|Any CPU.ActiveCfg = Release|Any CPU
		{118A819C-AA41-4EB5-82A3-450F166531AB}.Release|Any CPU.Build.0 = Release|Any CPU
		{132C9C40-77A3-4E8C-8450-E3E51DA8EA45}.Debug|Any CPU.ActiveCfg = Debug|Any CPU
		{132C9C40-77A3-4E8C-8450-E3E51DA8EA45}.Debug|Any CPU.Build.0 = Debug|Any CPU
		{132C9C40-77A3-4E8C-8450-E3E51DA8EA45}.Release|Any CPU.ActiveCfg = Release|Any CPU
		{132C9C40-77A3-4E8C-8450-E3E51DA8EA45}.Release|Any CPU.Build.0 = Release|Any CPU
		{A935C232-B5C9-4F4D-A2EB-5189CFBF71E7}.Debug|Any CPU.ActiveCfg = Debug|Any CPU
		{A935C232-B5C9-4F4D-A2EB-5189CFBF71E7}.Debug|Any CPU.Build.0 = Debug|Any CPU
		{A935C232-B5C9-4F4D-A2EB-5189CFBF71E7}.Release|Any CPU.ActiveCfg = Release|Any CPU
		{A935C232-B5C9-4F4D-A2EB-5189CFBF71E7}.Release|Any CPU.Build.0 = Release|Any CPU
		{708AD1CB-8DFD-4D22-A960-CD6257107442}.Debug|Any CPU.ActiveCfg = Debug|Any CPU
		{708AD1CB-8DFD-4D22-A960-CD6257107442}.Debug|Any CPU.Build.0 = Debug|Any CPU
		{708AD1CB-8DFD-4D22-A960-CD6257107442}.Release|Any CPU.ActiveCfg = Release|Any CPU
		{708AD1CB-8DFD-4D22-A960-CD6257107442}.Release|Any CPU.Build.0 = Release|Any CPU
		{31441300-A159-4955-83A6-2B5666A16D19}.Debug|Any CPU.ActiveCfg = Debug|Any CPU
		{31441300-A159-4955-83A6-2B5666A16D19}.Debug|Any CPU.Build.0 = Debug|Any CPU
		{31441300-A159-4955-83A6-2B5666A16D19}.Release|Any CPU.ActiveCfg = Release|Any CPU
		{31441300-A159-4955-83A6-2B5666A16D19}.Release|Any CPU.Build.0 = Release|Any CPU
		{5E6CA9BB-000A-4B51-B8A4-2794B8E197A7}.Debug|Any CPU.ActiveCfg = Debug|Any CPU
		{5E6CA9BB-000A-4B51-B8A4-2794B8E197A7}.Debug|Any CPU.Build.0 = Debug|Any CPU
		{5E6CA9BB-000A-4B51-B8A4-2794B8E197A7}.Release|Any CPU.ActiveCfg = Release|Any CPU
		{5E6CA9BB-000A-4B51-B8A4-2794B8E197A7}.Release|Any CPU.Build.0 = Release|Any CPU
		{C10B52AE-3A65-4CB8-9C35-91428F6263F4}.Debug|Any CPU.ActiveCfg = Debug|Any CPU
		{C10B52AE-3A65-4CB8-9C35-91428F6263F4}.Debug|Any CPU.Build.0 = Debug|Any CPU
		{C10B52AE-3A65-4CB8-9C35-91428F6263F4}.Release|Any CPU.ActiveCfg = Release|Any CPU
		{C10B52AE-3A65-4CB8-9C35-91428F6263F4}.Release|Any CPU.Build.0 = Release|Any CPU
		{C9307A2B-AD4D-4A3E-A63A-62E5208B091F}.Debug|Any CPU.ActiveCfg = Debug|Any CPU
		{C9307A2B-AD4D-4A3E-A63A-62E5208B091F}.Debug|Any CPU.Build.0 = Debug|Any CPU
		{C9307A2B-AD4D-4A3E-A63A-62E5208B091F}.Release|Any CPU.ActiveCfg = Release|Any CPU
		{C9307A2B-AD4D-4A3E-A63A-62E5208B091F}.Release|Any CPU.Build.0 = Release|Any CPU
		{0D98D1DB-C60B-4F51-B6F5-C1E10A682004}.Debug|Any CPU.ActiveCfg = Debug|Any CPU
		{0D98D1DB-C60B-4F51-B6F5-C1E10A682004}.Debug|Any CPU.Build.0 = Debug|Any CPU
		{0D98D1DB-C60B-4F51-B6F5-C1E10A682004}.Release|Any CPU.ActiveCfg = Release|Any CPU
		{0D98D1DB-C60B-4F51-B6F5-C1E10A682004}.Release|Any CPU.Build.0 = Release|Any CPU
		{1975885E-CACE-4C4B-8BCA-E5689BF163FA}.Debug|Any CPU.ActiveCfg = Debug|Any CPU
		{1975885E-CACE-4C4B-8BCA-E5689BF163FA}.Debug|Any CPU.Build.0 = Debug|Any CPU
		{1975885E-CACE-4C4B-8BCA-E5689BF163FA}.Release|Any CPU.ActiveCfg = Release|Any CPU
		{1975885E-CACE-4C4B-8BCA-E5689BF163FA}.Release|Any CPU.Build.0 = Release|Any CPU
		{ECA64174-78FC-46A6-98D2-E390AECEA165}.Debug|Any CPU.ActiveCfg = Debug|Any CPU
		{ECA64174-78FC-46A6-98D2-E390AECEA165}.Debug|Any CPU.Build.0 = Debug|Any CPU
		{ECA64174-78FC-46A6-98D2-E390AECEA165}.Release|Any CPU.ActiveCfg = Release|Any CPU
		{ECA64174-78FC-46A6-98D2-E390AECEA165}.Release|Any CPU.Build.0 = Release|Any CPU
		{4A2D2EF2-832F-46AB-8CE2-53123B18E8D3}.Debug|Any CPU.ActiveCfg = Debug|Any CPU
		{4A2D2EF2-832F-46AB-8CE2-53123B18E8D3}.Debug|Any CPU.Build.0 = Debug|Any CPU
		{4A2D2EF2-832F-46AB-8CE2-53123B18E8D3}.Release|Any CPU.ActiveCfg = Release|Any CPU
		{4A2D2EF2-832F-46AB-8CE2-53123B18E8D3}.Release|Any CPU.Build.0 = Release|Any CPU
		{D01A293B-A65C-4873-894E-BB966E1B2131}.Debug|Any CPU.ActiveCfg = Debug|Any CPU
		{D01A293B-A65C-4873-894E-BB966E1B2131}.Debug|Any CPU.Build.0 = Debug|Any CPU
		{D01A293B-A65C-4873-894E-BB966E1B2131}.Release|Any CPU.ActiveCfg = Release|Any CPU
		{D01A293B-A65C-4873-894E-BB966E1B2131}.Release|Any CPU.Build.0 = Release|Any CPU
		{32A3A682-3795-4CBC-AB91-0E4DB707D73D}.Debug|Any CPU.ActiveCfg = Debug|Any CPU
		{32A3A682-3795-4CBC-AB91-0E4DB707D73D}.Debug|Any CPU.Build.0 = Debug|Any CPU
		{32A3A682-3795-4CBC-AB91-0E4DB707D73D}.Release|Any CPU.ActiveCfg = Release|Any CPU
		{32A3A682-3795-4CBC-AB91-0E4DB707D73D}.Release|Any CPU.Build.0 = Release|Any CPU
		{40FAF172-E750-4935-A78E-25770672AD53}.Debug|Any CPU.ActiveCfg = Debug|Any CPU
		{40FAF172-E750-4935-A78E-25770672AD53}.Debug|Any CPU.Build.0 = Debug|Any CPU
		{40FAF172-E750-4935-A78E-25770672AD53}.Release|Any CPU.ActiveCfg = Release|Any CPU
		{40FAF172-E750-4935-A78E-25770672AD53}.Release|Any CPU.Build.0 = Release|Any CPU
		{5070D09C-D581-46A4-BABB-8A25B540897B}.Debug|Any CPU.ActiveCfg = Debug|Any CPU
		{5070D09C-D581-46A4-BABB-8A25B540897B}.Debug|Any CPU.Build.0 = Debug|Any CPU
		{5070D09C-D581-46A4-BABB-8A25B540897B}.Release|Any CPU.ActiveCfg = Release|Any CPU
		{5070D09C-D581-46A4-BABB-8A25B540897B}.Release|Any CPU.Build.0 = Release|Any CPU
		{476075DF-60C7-4E8B-B881-6FEA10029E59}.Debug|Any CPU.ActiveCfg = Debug|Any CPU
		{476075DF-60C7-4E8B-B881-6FEA10029E59}.Debug|Any CPU.Build.0 = Debug|Any CPU
		{476075DF-60C7-4E8B-B881-6FEA10029E59}.Release|Any CPU.ActiveCfg = Release|Any CPU
		{476075DF-60C7-4E8B-B881-6FEA10029E59}.Release|Any CPU.Build.0 = Release|Any CPU
		{513228AC-DB71-4369-AB5B-1F593740F73C}.Debug|Any CPU.ActiveCfg = Debug|Any CPU
		{513228AC-DB71-4369-AB5B-1F593740F73C}.Debug|Any CPU.Build.0 = Debug|Any CPU
		{513228AC-DB71-4369-AB5B-1F593740F73C}.Release|Any CPU.ActiveCfg = Release|Any CPU
		{513228AC-DB71-4369-AB5B-1F593740F73C}.Release|Any CPU.Build.0 = Release|Any CPU
		{AE459964-3F3A-467C-B81E-07AF3A350D19}.Debug|Any CPU.ActiveCfg = Debug|Any CPU
		{AE459964-3F3A-467C-B81E-07AF3A350D19}.Debug|Any CPU.Build.0 = Debug|Any CPU
		{AE459964-3F3A-467C-B81E-07AF3A350D19}.Release|Any CPU.ActiveCfg = Release|Any CPU
		{AE459964-3F3A-467C-B81E-07AF3A350D19}.Release|Any CPU.Build.0 = Release|Any CPU
	EndGlobalSection
	GlobalSection(SolutionProperties) = preSolution
		HideSolutionNode = FALSE
	EndGlobalSection
	GlobalSection(NestedProjects) = preSolution
		{3F299E8D-3CCD-4CD9-A263-7CC8CCEB30B2} = {AA7DDE01-8115-4ADE-9929-30A4380F5D75}
		{FB4C6D48-86A1-4EB5-ACBF-A949594CDF7C} = {B5B90090-9717-40C9-8C1F-56973B6E4E38}
		{69E0FC05-E82F-4469-91F9-57783D98B358} = {022A92FA-820B-4CF0-81F1-A092667B48E4}
		{84289BBD-0FF3-4FC7-B03B-DD925F12FF72} = {B5B90090-9717-40C9-8C1F-56973B6E4E38}
		{ED6D89E0-7C83-4FA5-9BED-F7E3D34E1C1F} = {B5B90090-9717-40C9-8C1F-56973B6E4E38}
		{AA7DDE01-8115-4ADE-9929-30A4380F5D75} = {022A92FA-820B-4CF0-81F1-A092667B48E4}
		{48B5834E-B4CA-4B2C-A0E2-F4866DC85196} = {43F2E400-A454-4715-808A-4D081BD27ABB}
		{1E3A2886-595C-4452-B22D-D3BDE1AA56D7} = {A3FDB388-D6A6-4B2B-98D8-82177EF5E163}
		{A3FDB388-D6A6-4B2B-98D8-82177EF5E163} = {022A92FA-820B-4CF0-81F1-A092667B48E4}
		{6CC6D05A-2A96-44D3-9271-DFBEC63D19CB} = {5621B72F-76D2-42E8-9C21-201A06D6C46E}
		{18A71585-63E6-4970-83D2-854E11861180} = {B5B90090-9717-40C9-8C1F-56973B6E4E38}
		{E0EDD194-1949-4936-BA97-075826BD9B9E} = {022A92FA-820B-4CF0-81F1-A092667B48E4}
		{118A819C-AA41-4EB5-82A3-450F166531AB} = {E0EDD194-1949-4936-BA97-075826BD9B9E}
		{132C9C40-77A3-4E8C-8450-E3E51DA8EA45} = {5621B72F-76D2-42E8-9C21-201A06D6C46E}
		{2F8B0843-908F-4B38-BFC7-7D08641B0FE8} = {022A92FA-820B-4CF0-81F1-A092667B48E4}
		{A935C232-B5C9-4F4D-A2EB-5189CFBF71E7} = {2F8B0843-908F-4B38-BFC7-7D08641B0FE8}
		{708AD1CB-8DFD-4D22-A960-CD6257107442} = {0EFBF47C-059B-4244-B753-8DC57F30F559}
		{31441300-A159-4955-83A6-2B5666A16D19} = {0EFBF47C-059B-4244-B753-8DC57F30F559}
		{A19CBFEC-675F-496E-AD8E-CED4FF53239C} = {022A92FA-820B-4CF0-81F1-A092667B48E4}
		{5E6CA9BB-000A-4B51-B8A4-2794B8E197A7} = {A19CBFEC-675F-496E-AD8E-CED4FF53239C}
		{C10B52AE-3A65-4CB8-9C35-91428F6263F4} = {FBC0DE73-D2EB-4020-9734-D18B2FD7A9A5}
		{C9307A2B-AD4D-4A3E-A63A-62E5208B091F} = {FBC0DE73-D2EB-4020-9734-D18B2FD7A9A5}
		{0D98D1DB-C60B-4F51-B6F5-C1E10A682004} = {B2AA9C98-AE71-4301-8297-34BF4DCBD56A}
		{1975885E-CACE-4C4B-8BCA-E5689BF163FA} = {5621B72F-76D2-42E8-9C21-201A06D6C46E}
		{ECA64174-78FC-46A6-98D2-E390AECEA165} = {E0EDD194-1949-4936-BA97-075826BD9B9E}
		{4A2D2EF2-832F-46AB-8CE2-53123B18E8D3} = {E0EDD194-1949-4936-BA97-075826BD9B9E}
		{D01A293B-A65C-4873-894E-BB966E1B2131} = {FBC0DE73-D2EB-4020-9734-D18B2FD7A9A5}
		{5621B72F-76D2-42E8-9C21-201A06D6C46E} = {A3FDB388-D6A6-4B2B-98D8-82177EF5E163}
		{0EFBF47C-059B-4244-B753-8DC57F30F559} = {2F8B0843-908F-4B38-BFC7-7D08641B0FE8}
		{43F2E400-A454-4715-808A-4D081BD27ABB} = {AA7DDE01-8115-4ADE-9929-30A4380F5D75}
		{1A56B625-7729-416B-ABBE-F634A1689FEF} = {022A92FA-820B-4CF0-81F1-A092667B48E4}
		{32A3A682-3795-4CBC-AB91-0E4DB707D73D} = {1A56B625-7729-416B-ABBE-F634A1689FEF}
		{FB1BCE04-BFB8-4917-8551-CA8CCDEF53E7} = {1A56B625-7729-416B-ABBE-F634A1689FEF}
		{40FAF172-E750-4935-A78E-25770672AD53} = {FB1BCE04-BFB8-4917-8551-CA8CCDEF53E7}
		{5070D09C-D581-46A4-BABB-8A25B540897B} = {1A56B625-7729-416B-ABBE-F634A1689FEF}
		{44CB802C-F850-44B2-BF59-8A4B9D784A8C} = {1A56B625-7729-416B-ABBE-F634A1689FEF}
		{476075DF-60C7-4E8B-B881-6FEA10029E59} = {44CB802C-F850-44B2-BF59-8A4B9D784A8C}
		{513228AC-DB71-4369-AB5B-1F593740F73C} = {E0EDD194-1949-4936-BA97-075826BD9B9E}
		{AE459964-3F3A-467C-B81E-07AF3A350D19} = {B5B90090-9717-40C9-8C1F-56973B6E4E38}
	EndGlobalSection
	GlobalSection(ExtensibilityGlobals) = postSolution
		SolutionGuid = {88515F1C-4F05-443B-A5A5-6F0DED2BF9AB}
	EndGlobalSection
EndGlobal
